
Microsoft Visual Studio Solution File, Format Version 12.00
# Visual Studio 2012
Project("{FAE04EC0-301F-11D3-BF4B-00C04F79EFBC}") = "L1antra-2", "L1antra-2.csproj", "{ECBA4245-0A8C-4FCD-8EF8-5E2B75FC89DE}"
EndProject
Global
	GlobalSection(SolutionConfigurationPlatforms) = preSolution
		Debug|Any CPU = Debug|Any CPU
		Release|Any CPU = Release|Any CPU
	EndGlobalSection
	GlobalSection(ProjectConfigurationPlatforms) = postSolution
		{ECBA4245-0A8C-4FCD-8EF8-5E2B75FC89DE}.Debug|Any CPU.ActiveCfg = Debug|Any CPU
		{ECBA4245-0A8C-4FCD-8EF8-5E2B75FC89DE}.Debug|Any CPU.Build.0 = Debug|Any CPU
		{ECBA4245-0A8C-4FCD-8EF8-5E2B75FC89DE}.Release|Any CPU.ActiveCfg = Release|Any CPU
		{ECBA4245-0A8C-4FCD-8EF8-5E2B75FC89DE}.Release|Any CPU.Build.0 = Release|Any CPU
	EndGlobalSection
	GlobalSection(SolutionProperties) = preSolution
		HideSolutionNode = FALSE
	EndGlobalSection
	GlobalSection(Performance) = preSolution
		HasPerformanceSessions = true
	EndGlobalSection
EndGlobal
