
Microsoft Visual Studio Solution File, Format Version 12.00
# Visual Studio Express 2012 for Windows Desktop
Project("{FAE04EC0-301F-11D3-BF4B-00C04F79EFBC}") = "Introduction.CharsAndStrings.Step6", "Introduction.CharsAndStrings.Step6.csproj", "{256C204E-5210-4C4E-B494-8E1FC071EAAC}"
EndProject
Global
	GlobalSection(SolutionConfigurationPlatforms) = preSolution
		Debug|Any CPU = Debug|Any CPU
		Release|Any CPU = Release|Any CPU
	EndGlobalSection
	GlobalSection(ProjectConfigurationPlatforms) = postSolution
		{256C204E-5210-4C4E-B494-8E1FC071EAAC}.Debug|Any CPU.ActiveCfg = Debug|Any CPU
		{256C204E-5210-4C4E-B494-8E1FC071EAAC}.Debug|Any CPU.Build.0 = Debug|Any CPU
		{256C204E-5210-4C4E-B494-8E1FC071EAAC}.Release|Any CPU.ActiveCfg = Release|Any CPU
		{256C204E-5210-4C4E-B494-8E1FC071EAAC}.Release|Any CPU.Build.0 = Release|Any CPU
	EndGlobalSection
	GlobalSection(SolutionProperties) = preSolution
		HideSolutionNode = FALSE
	EndGlobalSection
EndGlobal
