
Microsoft Visual Studio Solution File, Format Version 12.00
# Visual Studio Express 2012 for Windows Desktop
Project("{FAE04EC0-301F-11D3-BF4B-00C04F79EFBC}") = "1SavarankiskasTuristai", "1SavarankiskasTuristai\1SavarankiskasTuristai.csproj", "{2337FEE4-59BF-4C03-AA55-D5FF7BB3369A}"
EndProject
Global
	GlobalSection(SolutionConfigurationPlatforms) = preSolution
		Debug|Any CPU = Debug|Any CPU
		Release|Any CPU = Release|Any CPU
	EndGlobalSection
	GlobalSection(ProjectConfigurationPlatforms) = postSolution
		{2337FEE4-59BF-4C03-AA55-D5FF7BB3369A}.Debug|Any CPU.ActiveCfg = Debug|Any CPU
		{2337FEE4-59BF-4C03-AA55-D5FF7BB3369A}.Debug|Any CPU.Build.0 = Debug|Any CPU
		{2337FEE4-59BF-4C03-AA55-D5FF7BB3369A}.Release|Any CPU.ActiveCfg = Release|Any CPU
		{2337FEE4-59BF-4C03-AA55-D5FF7BB3369A}.Release|Any CPU.Build.0 = Release|Any CPU
	EndGlobalSection
	GlobalSection(SolutionProperties) = preSolution
		HideSolutionNode = FALSE
	EndGlobalSection
EndGlobal
