
Microsoft Visual Studio Solution File, Format Version 12.00
# Visual Studio 2012
Project("{FAE04EC0-301F-11D3-BF4B-00C04F79EFBC}") = "Introduction.Methos.Step1", "Introduction.Methos.Step1.csproj", "{8BB24FE4-4C71-420C-8F91-A03E1AA6CBF6}"
EndProject
Project("{FAE04EC0-301F-11D3-BF4B-00C04F79EFBC}") = "Introduction.Methods.Step2", "..\Introduction.Methods.Step2\Introduction.Methods.Step2.csproj", "{D4D77687-1316-47B6-A2FF-CA31FD007003}"
EndProject
Project("{FAE04EC0-301F-11D3-BF4B-00C04F79EFBC}") = "Introduction.Methos.Step3", "Introduction.Methos.Step3\Introduction.Methos.Step3.csproj", "{A1895204-159B-42DA-B427-D634FE13F058}"
EndProject
Global
	GlobalSection(SolutionConfigurationPlatforms) = preSolution
		Debug|Any CPU = Debug|Any CPU
		Release|Any CPU = Release|Any CPU
	EndGlobalSection
	GlobalSection(ProjectConfigurationPlatforms) = postSolution
		{8BB24FE4-4C71-420C-8F91-A03E1AA6CBF6}.Debug|Any CPU.ActiveCfg = Debug|Any CPU
		{8BB24FE4-4C71-420C-8F91-A03E1AA6CBF6}.Debug|Any CPU.Build.0 = Debug|Any CPU
		{8BB24FE4-4C71-420C-8F91-A03E1AA6CBF6}.Release|Any CPU.ActiveCfg = Release|Any CPU
		{8BB24FE4-4C71-420C-8F91-A03E1AA6CBF6}.Release|Any CPU.Build.0 = Release|Any CPU
		{D4D77687-1316-47B6-A2FF-CA31FD007003}.Debug|Any CPU.ActiveCfg = Debug|Any CPU
		{D4D77687-1316-47B6-A2FF-CA31FD007003}.Debug|Any CPU.Build.0 = Debug|Any CPU
		{D4D77687-1316-47B6-A2FF-CA31FD007003}.Release|Any CPU.ActiveCfg = Release|Any CPU
		{D4D77687-1316-47B6-A2FF-CA31FD007003}.Release|Any CPU.Build.0 = Release|Any CPU
		{A1895204-159B-42DA-B427-D634FE13F058}.Debug|Any CPU.ActiveCfg = Debug|Any CPU
		{A1895204-159B-42DA-B427-D634FE13F058}.Debug|Any CPU.Build.0 = Debug|Any CPU
		{A1895204-159B-42DA-B427-D634FE13F058}.Release|Any CPU.ActiveCfg = Release|Any CPU
		{A1895204-159B-42DA-B427-D634FE13F058}.Release|Any CPU.Build.0 = Release|Any CPU
	EndGlobalSection
	GlobalSection(SolutionProperties) = preSolution
		HideSolutionNode = FALSE
	EndGlobalSection
EndGlobal
