
Microsoft Visual Studio Solution File, Format Version 12.00
# Visual Studio Express 2012 for Windows Desktop
Project("{FAE04EC0-301F-11D3-BF4B-00C04F79EFBC}") = "ConsoleApplication1", "ConsoleApplication1\ConsoleApplication1.csproj", "{7D4DAA94-2D57-4E7D-B7E6-C837DEE5B35E}"
EndProject
Global
	GlobalSection(SolutionConfigurationPlatforms) = preSolution
		Debug|Any CPU = Debug|Any CPU
		Release|Any CPU = Release|Any CPU
	EndGlobalSection
	GlobalSection(ProjectConfigurationPlatforms) = postSolution
		{7D4DAA94-2D57-4E7D-B7E6-C837DEE5B35E}.Debug|Any CPU.ActiveCfg = Debug|Any CPU
		{7D4DAA94-2D57-4E7D-B7E6-C837DEE5B35E}.Debug|Any CPU.Build.0 = Debug|Any CPU
		{7D4DAA94-2D57-4E7D-B7E6-C837DEE5B35E}.Release|Any CPU.ActiveCfg = Release|Any CPU
		{7D4DAA94-2D57-4E7D-B7E6-C837DEE5B35E}.Release|Any CPU.Build.0 = Release|Any CPU
	EndGlobalSection
	GlobalSection(SolutionProperties) = preSolution
		HideSolutionNode = FALSE
	EndGlobalSection
EndGlobal
